
Microsoft Visual Studio Solution File, Format Version 12.00
Project("{FAE04EC0-301F-11D3-BF4B-00C04F79EFBC}") = "GardenBot", "GardenBot.csproj", "{7E4C6CC0-BC80-46BC-968A-3D4E9CAF363D}"
EndProject
Global
	GlobalSection(SolutionConfigurationPlatforms) = preSolution
		Debug|Any CPU = Debug|Any CPU
		Release|Any CPU = Release|Any CPU
	EndGlobalSection
	GlobalSection(ProjectConfigurationPlatforms) = postSolution
		{7E4C6CC0-BC80-46BC-968A-3D4E9CAF363D}.Debug|Any CPU.ActiveCfg = Debug|Any CPU
		{7E4C6CC0-BC80-46BC-968A-3D4E9CAF363D}.Debug|Any CPU.Build.0 = Debug|Any CPU
		{7E4C6CC0-BC80-46BC-968A-3D4E9CAF363D}.Release|Any CPU.ActiveCfg = Release|Any CPU
		{7E4C6CC0-BC80-46BC-968A-3D4E9CAF363D}.Release|Any CPU.Build.0 = Release|Any CPU
	EndGlobalSection
EndGlobal
